
Microsoft Visual Studio Solution File, Format Version 11.00
# Visual Studio 2010
Project("{8BC9CEB8-8B4A-11D0-8D11-00A0C91BC942}") = "win32", "win32\win32.vcxproj", "{286F008B-F0CC-4D59-ACBC-66A6422DE2DD}"
EndProject
Global
	GlobalSection(SolutionConfigurationPlatforms) = preSolution
		Debug|Win32 = Debug|Win32
		Release|Win32 = Release|Win32
	EndGlobalSection
	GlobalSection(ProjectConfigurationPlatforms) = postSolution
		{286F008B-F0CC-4D59-ACBC-66A6422DE2DD}.Debug|Win32.ActiveCfg = Debug|Win32
		{286F008B-F0CC-4D59-ACBC-66A6422DE2DD}.Debug|Win32.Build.0 = Debug|Win32
		{286F008B-F0CC-4D59-ACBC-66A6422DE2DD}.Release|Win32.ActiveCfg = Release|Win32
		{286F008B-F0CC-4D59-ACBC-66A6422DE2DD}.Release|Win32.Build.0 = Release|Win32
	EndGlobalSection
	GlobalSection(SolutionProperties) = preSolution
		HideSolutionNode = FALSE
	EndGlobalSection
EndGlobal
